
Microsoft Visual Studio Solution File, Format Version 12.00
# Visual Studio Version 16
VisualStudioVersion = 16.0.28803.202
MinimumVisualStudioVersion = 10.0.40219.1
Project("{FAE04EC0-301F-11D3-BF4B-00C04F79EFBC}") = "SQLConnectTest", "SQLConnectTest.csproj", "{97EDE2AC-49DC-4E56-B46F-20531F5D8462}"
EndProject
Global
	GlobalSection(SolutionConfigurationPlatforms) = preSolution
		Debug|Any CPU = Debug|Any CPU
		Release|Any CPU = Release|Any CPU
	EndGlobalSection
	GlobalSection(ProjectConfigurationPlatforms) = postSolution
		{97EDE2AC-49DC-4E56-B46F-20531F5D8462}.Debug|Any CPU.ActiveCfg = Debug|Any CPU
		{97EDE2AC-49DC-4E56-B46F-20531F5D8462}.Debug|Any CPU.Build.0 = Debug|Any CPU
		{97EDE2AC-49DC-4E56-B46F-20531F5D8462}.Release|Any CPU.ActiveCfg = Release|Any CPU
		{97EDE2AC-49DC-4E56-B46F-20531F5D8462}.Release|Any CPU.Build.0 = Release|Any CPU
	EndGlobalSection
	GlobalSection(SolutionProperties) = preSolution
		HideSolutionNode = FALSE
	EndGlobalSection
	GlobalSection(ExtensibilityGlobals) = postSolution
		SolutionGuid = {20629C76-0F82-4104-B354-ADB4A4B494EB}
	EndGlobalSection
EndGlobal
