
Microsoft Visual Studio Solution File, Format Version 12.00
# Visual Studio Version 16
VisualStudioVersion = 16.0.29806.167
MinimumVisualStudioVersion = 10.0.40219.1
Project("{FAE04EC0-301F-11D3-BF4B-00C04F79EFBC}") = "WindowsFormsApp1", "WindowsFormsApp1\WindowsFormsApp1.csproj", "{15C51AF2-4382-43AF-BB68-D19C308FC61D}"
EndProject
Global
	GlobalSection(SolutionConfigurationPlatforms) = preSolution
		Debug|Any CPU = Debug|Any CPU
		Release|Any CPU = Release|Any CPU
	EndGlobalSection
	GlobalSection(ProjectConfigurationPlatforms) = postSolution
		{15C51AF2-4382-43AF-BB68-D19C308FC61D}.Debug|Any CPU.ActiveCfg = Debug|Any CPU
		{15C51AF2-4382-43AF-BB68-D19C308FC61D}.Debug|Any CPU.Build.0 = Debug|Any CPU
		{15C51AF2-4382-43AF-BB68-D19C308FC61D}.Release|Any CPU.ActiveCfg = Release|Any CPU
		{15C51AF2-4382-43AF-BB68-D19C308FC61D}.Release|Any CPU.Build.0 = Release|Any CPU
	EndGlobalSection
	GlobalSection(SolutionProperties) = preSolution
		HideSolutionNode = FALSE
	EndGlobalSection
	GlobalSection(ExtensibilityGlobals) = postSolution
		SolutionGuid = {4D773F1F-A6BE-48BA-A73B-005581025595}
	EndGlobalSection
EndGlobal
